
Microsoft Visual Studio Solution File, Format Version 12.00
# Visual Studio Version 17
VisualStudioVersion = 17.0.31903.59
MinimumVisualStudioVersion = 10.0.40219.1
Project("{2150E333-8FDC-42A3-9474-1A3956D46DE8}") = "src", "src", "{827E0CD3-B72D-47B6-A68D-7590B98EB39B}"
EndProject
Project("{FAE04EC0-301F-11D3-BF4B-00C04F79EFBC}") = "Wms.Domain", "src\Wms.Domain\Wms.Domain.csproj", "{E726FE15-9098-46A3-AF83-B035BE81C2E1}"
EndProject
Project("{FAE04EC0-301F-11D3-BF4B-00C04F79EFBC}") = "Wms.Application", "src\Wms.Application\Wms.Application.csproj", "{ABBFBF17-DDF0-4E54-9FD0-23EBCF5763F5}"
EndProject
Project("{FAE04EC0-301F-11D3-BF4B-00C04F79EFBC}") = "Wms.Infrastructure", "src\Wms.Infrastructure\Wms.Infrastructure.csproj", "{CCB8B9AE-7D65-4653-AF11-F6D3BA659CDC}"
EndProject
Project("{FAE04EC0-301F-11D3-BF4B-00C04F79EFBC}") = "Wms.Api", "src\Wms.Api\Wms.Api.csproj", "{BDD9D897-2E3F-4E5E-A1E8-1666E1CF1FE4}"
EndProject
Project("{2150E333-8FDC-42A3-9474-1A3956D46DE8}") = "tests", "tests", "{0AB3BF05-4346-4AA6-1389-037BE0695223}"
EndProject
Project("{FAE04EC0-301F-11D3-BF4B-00C04F79EFBC}") = "Wms.UnitTests", "tests\Wms.UnitTests\Wms.UnitTests.csproj", "{F5A21BBE-6466-41AA-A715-323DDB725F0F}"
EndProject
Project("{FAE04EC0-301F-11D3-BF4B-00C04F79EFBC}") = "Wms.IntegrationTests", "tests\Wms.IntegrationTests\Wms.IntegrationTests.csproj", "{4DAD03F1-8E2A-473B-8470-2CCD49079052}"
EndProject
Global
	GlobalSection(SolutionConfigurationPlatforms) = preSolution
		Debug|Any CPU = Debug|Any CPU
		Debug|x64 = Debug|x64
		Debug|x86 = Debug|x86
		Release|Any CPU = Release|Any CPU
		Release|x64 = Release|x64
		Release|x86 = Release|x86
	EndGlobalSection
	GlobalSection(ProjectConfigurationPlatforms) = postSolution
		{E726FE15-9098-46A3-AF83-B035BE81C2E1}.Debug|Any CPU.ActiveCfg = Debug|Any CPU
		{E726FE15-9098-46A3-AF83-B035BE81C2E1}.Debug|Any CPU.Build.0 = Debug|Any CPU
		{E726FE15-9098-46A3-AF83-B035BE81C2E1}.Debug|x64.ActiveCfg = Debug|Any CPU
		{E726FE15-9098-46A3-AF83-B035BE81C2E1}.Debug|x64.Build.0 = Debug|Any CPU
		{E726FE15-9098-46A3-AF83-B035BE81C2E1}.Debug|x86.ActiveCfg = Debug|Any CPU
		{E726FE15-9098-46A3-AF83-B035BE81C2E1}.Debug|x86.Build.0 = Debug|Any CPU
		{E726FE15-9098-46A3-AF83-B035BE81C2E1}.Release|Any CPU.ActiveCfg = Release|Any CPU
		{E726FE15-9098-46A3-AF83-B035BE81C2E1}.Release|Any CPU.Build.0 = Release|Any CPU
		{E726FE15-9098-46A3-AF83-B035BE81C2E1}.Release|x64.ActiveCfg = Release|Any CPU
		{E726FE15-9098-46A3-AF83-B035BE81C2E1}.Release|x64.Build.0 = Release|Any CPU
		{E726FE15-9098-46A3-AF83-B035BE81C2E1}.Release|x86.ActiveCfg = Release|Any CPU
		{E726FE15-9098-46A3-AF83-B035BE81C2E1}.Release|x86.Build.0 = Release|Any CPU
		{ABBFBF17-DDF0-4E54-9FD0-23EBCF5763F5}.Debug|Any CPU.ActiveCfg = Debug|Any CPU
		{ABBFBF17-DDF0-4E54-9FD0-23EBCF5763F5}.Debug|Any CPU.Build.0 = Debug|Any CPU
		{ABBFBF17-DDF0-4E54-9FD0-23EBCF5763F5}.Debug|x64.ActiveCfg = Debug|Any CPU
		{ABBFBF17-DDF0-4E54-9FD0-23EBCF5763F5}.Debug|x64.Build.0 = Debug|Any CPU
		{ABBFBF17-DDF0-4E54-9FD0-23EBCF5763F5}.Debug|x86.ActiveCfg = Debug|Any CPU
		{ABBFBF17-DDF0-4E54-9FD0-23EBCF5763F5}.Debug|x86.Build.0 = Debug|Any CPU
		{ABBFBF17-DDF0-4E54-9FD0-23EBCF5763F5}.Release|Any CPU.ActiveCfg = Release|Any CPU
		{ABBFBF17-DDF0-4E54-9FD0-23EBCF5763F5}.Release|Any CPU.Build.0 = Release|Any CPU
		{ABBFBF17-DDF0-4E54-9FD0-23EBCF5763F5}.Release|x64.ActiveCfg = Release|Any CPU
		{ABBFBF17-DDF0-4E54-9FD0-23EBCF5763F5}.Release|x64.Build.0 = Release|Any CPU
		{ABBFBF17-DDF0-4E54-9FD0-23EBCF5763F5}.Release|x86.ActiveCfg = Release|Any CPU
		{ABBFBF17-DDF0-4E54-9FD0-23EBCF5763F5}.Release|x86.Build.0 = Release|Any CPU
		{CCB8B9AE-7D65-4653-AF11-F6D3BA659CDC}.Debug|Any CPU.ActiveCfg = Debug|Any CPU
		{CCB8B9AE-7D65-4653-AF11-F6D3BA659CDC}.Debug|Any CPU.Build.0 = Debug|Any CPU
		{CCB8B9AE-7D65-4653-AF11-F6D3BA659CDC}.Debug|x64.ActiveCfg = Debug|Any CPU
		{CCB8B9AE-7D65-4653-AF11-F6D3BA659CDC}.Debug|x64.Build.0 = Debug|Any CPU
		{CCB8B9AE-7D65-4653-AF11-F6D3BA659CDC}.Debug|x86.ActiveCfg = Debug|Any CPU
		{CCB8B9AE-7D65-4653-AF11-F6D3BA659CDC}.Debug|x86.Build.0 = Debug|Any CPU
		{CCB8B9AE-7D65-4653-AF11-F6D3BA659CDC}.Release|Any CPU.ActiveCfg = Release|Any CPU
		{CCB8B9AE-7D65-4653-AF11-F6D3BA659CDC}.Release|Any CPU.Build.0 = Release|Any CPU
		{CCB8B9AE-7D65-4653-AF11-F6D3BA659CDC}.Release|x64.ActiveCfg = Release|Any CPU
		{CCB8B9AE-7D65-4653-AF11-F6D3BA659CDC}.Release|x64.Build.0 = Release|Any CPU
		{CCB8B9AE-7D65-4653-AF11-F6D3BA659CDC}.Release|x86.ActiveCfg = Release|Any CPU
		{CCB8B9AE-7D65-4653-AF11-F6D3BA659CDC}.Release|x86.Build.0 = Release|Any CPU
		{BDD9D897-2E3F-4E5E-A1E8-1666E1CF1FE4}.Debug|Any CPU.ActiveCfg = Debug|Any CPU
		{BDD9D897-2E3F-4E5E-A1E8-1666E1CF1FE4}.Debug|Any CPU.Build.0 = Debug|Any CPU
		{BDD9D897-2E3F-4E5E-A1E8-1666E1CF1FE4}.Debug|x64.ActiveCfg = Debug|Any CPU
		{BDD9D897-2E3F-4E5E-A1E8-1666E1CF1FE4}.Debug|x64.Build.0 = Debug|Any CPU
		{BDD9D897-2E3F-4E5E-A1E8-1666E1CF1FE4}.Debug|x86.ActiveCfg = Debug|Any CPU
		{BDD9D897-2E3F-4E5E-A1E8-1666E1CF1FE4}.Debug|x86.Build.0 = Debug|Any CPU
		{BDD9D897-2E3F-4E5E-A1E8-1666E1CF1FE4}.Release|Any CPU.ActiveCfg = Release|Any CPU
		{BDD9D897-2E3F-4E5E-A1E8-1666E1CF1FE4}.Release|Any CPU.Build.0 = Release|Any CPU
		{BDD9D897-2E3F-4E5E-A1E8-1666E1CF1FE4}.Release|x64.ActiveCfg = Release|Any CPU
		{BDD9D897-2E3F-4E5E-A1E8-1666E1CF1FE4}.Release|x64.Build.0 = Release|Any CPU
		{BDD9D897-2E3F-4E5E-A1E8-1666E1CF1FE4}.Release|x86.ActiveCfg = Release|Any CPU
		{BDD9D897-2E3F-4E5E-A1E8-1666E1CF1FE4}.Release|x86.Build.0 = Release|Any CPU
		{F5A21BBE-6466-41AA-A715-323DDB725F0F}.Debug|Any CPU.ActiveCfg = Debug|Any CPU
		{F5A21BBE-6466-41AA-A715-323DDB725F0F}.Debug|Any CPU.Build.0 = Debug|Any CPU
		{F5A21BBE-6466-41AA-A715-323DDB725F0F}.Debug|x64.ActiveCfg = Debug|Any CPU
		{F5A21BBE-6466-41AA-A715-323DDB725F0F}.Debug|x64.Build.0 = Debug|Any CPU
		{F5A21BBE-6466-41AA-A715-323DDB725F0F}.Debug|x86.ActiveCfg = Debug|Any CPU
		{F5A21BBE-6466-41AA-A715-323DDB725F0F}.Debug|x86.Build.0 = Debug|Any CPU
		{F5A21BBE-6466-41AA-A715-323DDB725F0F}.Release|Any CPU.ActiveCfg = Release|Any CPU
		{F5A21BBE-6466-41AA-A715-323DDB725F0F}.Release|Any CPU.Build.0 = Release|Any CPU
		{F5A21BBE-6466-41AA-A715-323DDB725F0F}.Release|x64.ActiveCfg = Release|Any CPU
		{F5A21BBE-6466-41AA-A715-323DDB725F0F}.Release|x64.Build.0 = Release|Any CPU
		{F5A21BBE-6466-41AA-A715-323DDB725F0F}.Release|x86.ActiveCfg = Release|Any CPU
		{F5A21BBE-6466-41AA-A715-323DDB725F0F}.Release|x86.Build.0 = Release|Any CPU
		{4DAD03F1-8E2A-473B-8470-2CCD49079052}.Debug|Any CPU.ActiveCfg = Debug|Any CPU
		{4DAD03F1-8E2A-473B-8470-2CCD49079052}.Debug|Any CPU.Build.0 = Debug|Any CPU
		{4DAD03F1-8E2A-473B-8470-2CCD49079052}.Debug|x64.ActiveCfg = Debug|Any CPU
		{4DAD03F1-8E2A-473B-8470-2CCD49079052}.Debug|x64.Build.0 = Debug|Any CPU
		{4DAD03F1-8E2A-473B-8470-2CCD49079052}.Debug|x86.ActiveCfg = Debug|Any CPU
		{4DAD03F1-8E2A-473B-8470-2CCD49079052}.Debug|x86.Build.0 = Debug|Any CPU
		{4DAD03F1-8E2A-473B-8470-2CCD49079052}.Release|Any CPU.ActiveCfg = Release|Any CPU
		{4DAD03F1-8E2A-473B-8470-2CCD49079052}.Release|Any CPU.Build.0 = Release|Any CPU
		{4DAD03F1-8E2A-473B-8470-2CCD49079052}.Release|x64.ActiveCfg = Release|Any CPU
		{4DAD03F1-8E2A-473B-8470-2CCD49079052}.Release|x64.Build.0 = Release|Any CPU
		{4DAD03F1-8E2A-473B-8470-2CCD49079052}.Release|x86.ActiveCfg = Release|Any CPU
		{4DAD03F1-8E2A-473B-8470-2CCD49079052}.Release|x86.Build.0 = Release|Any CPU
	EndGlobalSection
	GlobalSection(SolutionProperties) = preSolution
		HideSolutionNode = FALSE
	EndGlobalSection
	GlobalSection(NestedProjects) = preSolution
		{E726FE15-9098-46A3-AF83-B035BE81C2E1} = {827E0CD3-B72D-47B6-A68D-7590B98EB39B}
		{ABBFBF17-DDF0-4E54-9FD0-23EBCF5763F5} = {827E0CD3-B72D-47B6-A68D-7590B98EB39B}
		{CCB8B9AE-7D65-4653-AF11-F6D3BA659CDC} = {827E0CD3-B72D-47B6-A68D-7590B98EB39B}
		{BDD9D897-2E3F-4E5E-A1E8-1666E1CF1FE4} = {827E0CD3-B72D-47B6-A68D-7590B98EB39B}
		{F5A21BBE-6466-41AA-A715-323DDB725F0F} = {0AB3BF05-4346-4AA6-1389-037BE0695223}
		{4DAD03F1-8E2A-473B-8470-2CCD49079052} = {0AB3BF05-4346-4AA6-1389-037BE0695223}
	EndGlobalSection
EndGlobal
